// !$*UTF8*$!
{
	archiveVersion = 1;
	classes = {
	};
	objectVersion = 77;
	objects = {

/* Begin PBXBuildFile section */
		03418CFA47D2C29A01C55E3C /* RecallStoreTests.swift in Sources */ = {isa = PBXBuildFile; fileRef = C87475464FC1A84612F1AC0D /* RecallStoreTests.swift */; };
		1071EB958C7FA7ED4AE218BA /* Capture.swift in Sources */ = {isa = PBXBuildFile; fileRef = 8936FA8298F250D2CAA2B505 /* Capture.swift */; };
		1D58D356C131CFD2A84B2C99 /* CaptureListView.swift in Sources */ = {isa = PBXBuildFile; fileRef = 7174EC76B3AF76D800E22E6E /* CaptureListView.swift */; };
		2757F0EE168B0E5F000AAA9A /* RecallRootView.swift in Sources */ = {isa = PBXBuildFile; fileRef = F11CC75EA9C49ECFDCE9BA01 /* RecallRootView.swift */; };
		285A35BC27E078EEE6C87EDC /* Assets.xcassets in Resources */ = {isa = PBXBuildFile; fileRef = CA34819F6E69740427617B25 /* Assets.xcassets */; };
		2D00AD70CECEDB988150D65E /* APIResponses.swift in Sources */ = {isa = PBXBuildFile; fileRef = CAEF2743986129858D7A1FFA /* APIResponses.swift */; };
		6220042C8C2DCE392D5FBCC1 /* RecallComponents.swift in Sources */ = {isa = PBXBuildFile; fileRef = 4A6E5844BF3FF8AEAF4C199D /* RecallComponents.swift */; };
		7136B53E312C12667962369E /* CaptureRowView.swift in Sources */ = {isa = PBXBuildFile; fileRef = CCC2ABDC4651148E69F99D99 /* CaptureRowView.swift */; };
		8D8659AB219B92DA79773FAB /* RecallApp.swift in Sources */ = {isa = PBXBuildFile; fileRef = 99A786D21286E7D456EF199A /* RecallApp.swift */; };
		96D17649CC7F26C588335E6A /* ClipboardCaptureService.swift in Sources */ = {isa = PBXBuildFile; fileRef = 92DD1B7039E6191B76729C2C /* ClipboardCaptureService.swift */; };
		9D163DA49A259A35D95A824E /* LiveRecallAPIClientTests.swift in Sources */ = {isa = PBXBuildFile; fileRef = 8A877F4DBE0CBE9FF7C52E73 /* LiveRecallAPIClientTests.swift */; };
		9EA018F67FEE2D67C0665C0A /* RecallAPIError.swift in Sources */ = {isa = PBXBuildFile; fileRef = 011C73CC5F147DA4AB1A3DF6 /* RecallAPIError.swift */; };
		A2534BDF787EB07111ED403E /* RecallContractTests.swift in Sources */ = {isa = PBXBuildFile; fileRef = 7BE2B289FC546EE041B98B45 /* RecallContractTests.swift */; };
		B0832794501407BD71E1BE19 /* RecallStore.swift in Sources */ = {isa = PBXBuildFile; fileRef = 58B258E2430D2A3F336680D2 /* RecallStore.swift */; };
		B56E0936C7FFF112FE692C49 /* CaptureCreateRequest.swift in Sources */ = {isa = PBXBuildFile; fileRef = 72458EB74051F9E77DA848F5 /* CaptureCreateRequest.swift */; };
		BBDA81D8565D55B04426F812 /* MockRecallAPIClient.swift in Sources */ = {isa = PBXBuildFile; fileRef = 77ECC609D0DCBD750ACA976E /* MockRecallAPIClient.swift */; };
		C318562A514BC53FC7F5152F /* MenuBarContentView.swift in Sources */ = {isa = PBXBuildFile; fileRef = 155D09D62EE905E07CD34B11 /* MenuBarContentView.swift */; };
		DB7C4D7E57C0FEA8C80F3E66 /* RecallAPIClient.swift in Sources */ = {isa = PBXBuildFile; fileRef = 7DF758BCD3D84700C74B482E /* RecallAPIClient.swift */; };
		EB433499536141807B2FCEFD /* CaptureDetailView.swift in Sources */ = {isa = PBXBuildFile; fileRef = 1F0FFD14F1B05A897E900C33 /* CaptureDetailView.swift */; };
		F564668ABF3237E2C93A45AB /* QuickCaptureView.swift in Sources */ = {isa = PBXBuildFile; fileRef = 7E5CDC46DE2DACAF9607F595 /* QuickCaptureView.swift */; };
/* End PBXBuildFile section */

/* Begin PBXContainerItemProxy section */
		3CD8C3A91ECDFE33E4800573 /* PBXContainerItemProxy */ = {
			isa = PBXContainerItemProxy;
			containerPortal = 8B2E7D481A738D1E6488DE92 /* Project object */;
			proxyType = 1;
			remoteGlobalIDString = 8A1CA7FAB5EF7FFF7C657008;
			remoteInfo = Recall;
		};
/* End PBXContainerItemProxy section */

/* Begin PBXFileReference section */
		011C73CC5F147DA4AB1A3DF6 /* RecallAPIError.swift */ = {isa = PBXFileReference; lastKnownFileType = sourcecode.swift; path = RecallAPIError.swift; sourceTree = "<group>"; };
		155D09D62EE905E07CD34B11 /* MenuBarContentView.swift */ = {isa = PBXFileReference; lastKnownFileType = sourcecode.swift; path = MenuBarContentView.swift; sourceTree = "<group>"; };
		1F0FFD14F1B05A897E900C33 /* CaptureDetailView.swift */ = {isa = PBXFileReference; lastKnownFileType = sourcecode.swift; path = CaptureDetailView.swift; sourceTree = "<group>"; };
		4A6E5844BF3FF8AEAF4C199D /* RecallComponents.swift */ = {isa = PBXFileReference; lastKnownFileType = sourcecode.swift; path = RecallComponents.swift; sourceTree = "<group>"; };
		589D612419DE8AD691D1CD7C /* Recall.app */ = {isa = PBXFileReference; explicitFileType = wrapper.application; includeInIndex = 0; path = Recall.app; sourceTree = BUILT_PRODUCTS_DIR; };
		58B258E2430D2A3F336680D2 /* RecallStore.swift */ = {isa = PBXFileReference; lastKnownFileType = sourcecode.swift; path = RecallStore.swift; sourceTree = "<group>"; };
		7174EC76B3AF76D800E22E6E /* CaptureListView.swift */ = {isa = PBXFileReference; lastKnownFileType = sourcecode.swift; path = CaptureListView.swift; sourceTree = "<group>"; };
		72458EB74051F9E77DA848F5 /* CaptureCreateRequest.swift */ = {isa = PBXFileReference; lastKnownFileType = sourcecode.swift; path = CaptureCreateRequest.swift; sourceTree = "<group>"; };
		77ECC609D0DCBD750ACA976E /* MockRecallAPIClient.swift */ = {isa = PBXFileReference; lastKnownFileType = sourcecode.swift; path = MockRecallAPIClient.swift; sourceTree = "<group>"; };
		7BE2B289FC546EE041B98B45 /* RecallContractTests.swift */ = {isa = PBXFileReference; lastKnownFileType = sourcecode.swift; path = RecallContractTests.swift; sourceTree = "<group>"; };
		7DF758BCD3D84700C74B482E /* RecallAPIClient.swift */ = {isa = PBXFileReference; lastKnownFileType = sourcecode.swift; path = RecallAPIClient.swift; sourceTree = "<group>"; };
		7E5CDC46DE2DACAF9607F595 /* QuickCaptureView.swift */ = {isa = PBXFileReference; lastKnownFileType = sourcecode.swift; path = QuickCaptureView.swift; sourceTree = "<group>"; };
		8936FA8298F250D2CAA2B505 /* Capture.swift */ = {isa = PBXFileReference; lastKnownFileType = sourcecode.swift; path = Capture.swift; sourceTree = "<group>"; };
		8A877F4DBE0CBE9FF7C52E73 /* LiveRecallAPIClientTests.swift */ = {isa = PBXFileReference; lastKnownFileType = sourcecode.swift; path = LiveRecallAPIClientTests.swift; sourceTree = "<group>"; };
		9116D718A58EEBB60F26FCB7 /* RecallTests.xctest */ = {isa = PBXFileReference; explicitFileType = wrapper.cfbundle; includeInIndex = 0; path = RecallTests.xctest; sourceTree = BUILT_PRODUCTS_DIR; };
		92DD1B7039E6191B76729C2C /* ClipboardCaptureService.swift */ = {isa = PBXFileReference; lastKnownFileType = sourcecode.swift; path = ClipboardCaptureService.swift; sourceTree = "<group>"; };
		99A786D21286E7D456EF199A /* RecallApp.swift */ = {isa = PBXFileReference; lastKnownFileType = sourcecode.swift; path = RecallApp.swift; sourceTree = "<group>"; };
		C87475464FC1A84612F1AC0D /* RecallStoreTests.swift */ = {isa = PBXFileReference; lastKnownFileType = sourcecode.swift; path = RecallStoreTests.swift; sourceTree = "<group>"; };
		CA34819F6E69740427617B25 /* Assets.xcassets */ = {isa = PBXFileReference; lastKnownFileType = folder.assetcatalog; path = Assets.xcassets; sourceTree = "<group>"; };
		CAEF2743986129858D7A1FFA /* APIResponses.swift */ = {isa = PBXFileReference; lastKnownFileType = sourcecode.swift; path = APIResponses.swift; sourceTree = "<group>"; };
		CCC2ABDC4651148E69F99D99 /* CaptureRowView.swift */ = {isa = PBXFileReference; lastKnownFileType = sourcecode.swift; path = CaptureRowView.swift; sourceTree = "<group>"; };
		F11CC75EA9C49ECFDCE9BA01 /* RecallRootView.swift */ = {isa = PBXFileReference; lastKnownFileType = sourcecode.swift; path = RecallRootView.swift; sourceTree = "<group>"; };
/* End PBXFileReference section */

/* Begin PBXGroup section */
		2398648CEC1DEFD2236E8232 /* Recall */ = {
			isa = PBXGroup;
			children = (
				6AF6CFB636B79B13E740C9F5 /* App */,
				D9F903240D41C9B0888E2E8A /* Capture */,
				931E898A40959C3ABCD1A721 /* Models */,
				4B141438FDACCEE8ADB5B141 /* Networking */,
				E93D050BB96432754097F70A /* Resources */,
				CA2428CEE9AA2B8DA5C7290D /* ViewModels */,
				6803FD13799FE0A2F295DA2E /* Views */,
			);
			path = Recall;
			sourceTree = "<group>";
		};
		4B141438FDACCEE8ADB5B141 /* Networking */ = {
			isa = PBXGroup;
			children = (
				77ECC609D0DCBD750ACA976E /* MockRecallAPIClient.swift */,
				7DF758BCD3D84700C74B482E /* RecallAPIClient.swift */,
				011C73CC5F147DA4AB1A3DF6 /* RecallAPIError.swift */,
			);
			path = Networking;
			sourceTree = "<group>";
		};
		6803FD13799FE0A2F295DA2E /* Views */ = {
			isa = PBXGroup;
			children = (
				1F0FFD14F1B05A897E900C33 /* CaptureDetailView.swift */,
				7174EC76B3AF76D800E22E6E /* CaptureListView.swift */,
				CCC2ABDC4651148E69F99D99 /* CaptureRowView.swift */,
				155D09D62EE905E07CD34B11 /* MenuBarContentView.swift */,
				7E5CDC46DE2DACAF9607F595 /* QuickCaptureView.swift */,
				F11CC75EA9C49ECFDCE9BA01 /* RecallRootView.swift */,
				FB66B3E6A3C5079A0B1FFACE /* Components */,
			);
			path = Views;
			sourceTree = "<group>";
		};
		6AF6CFB636B79B13E740C9F5 /* App */ = {
			isa = PBXGroup;
			children = (
				99A786D21286E7D456EF199A /* RecallApp.swift */,
			);
			path = App;
			sourceTree = "<group>";
		};
		8FB9A9AFFDDAA5852104C602 /* Products */ = {
			isa = PBXGroup;
			children = (
				589D612419DE8AD691D1CD7C /* Recall.app */,
				9116D718A58EEBB60F26FCB7 /* RecallTests.xctest */,
			);
			name = Products;
			sourceTree = "<group>";
		};
		931E898A40959C3ABCD1A721 /* Models */ = {
			isa = PBXGroup;
			children = (
				CAEF2743986129858D7A1FFA /* APIResponses.swift */,
				8936FA8298F250D2CAA2B505 /* Capture.swift */,
				72458EB74051F9E77DA848F5 /* CaptureCreateRequest.swift */,
			);
			path = Models;
			sourceTree = "<group>";
		};
		9F3DBEAA2D36FB3151663C54 /* RecallTests */ = {
			isa = PBXGroup;
			children = (
				8A877F4DBE0CBE9FF7C52E73 /* LiveRecallAPIClientTests.swift */,
				7BE2B289FC546EE041B98B45 /* RecallContractTests.swift */,
				C87475464FC1A84612F1AC0D /* RecallStoreTests.swift */,
			);
			path = RecallTests;
			sourceTree = "<group>";
		};
		CA2428CEE9AA2B8DA5C7290D /* ViewModels */ = {
			isa = PBXGroup;
			children = (
				58B258E2430D2A3F336680D2 /* RecallStore.swift */,
			);
			path = ViewModels;
			sourceTree = "<group>";
		};
		D9F903240D41C9B0888E2E8A /* Capture */ = {
			isa = PBXGroup;
			children = (
				92DD1B7039E6191B76729C2C /* ClipboardCaptureService.swift */,
			);
			path = Capture;
			sourceTree = "<group>";
		};
		E3D300D57C7BE46807A96B09 = {
			isa = PBXGroup;
			children = (
				2398648CEC1DEFD2236E8232 /* Recall */,
				9F3DBEAA2D36FB3151663C54 /* RecallTests */,
				8FB9A9AFFDDAA5852104C602 /* Products */,
			);
			sourceTree = "<group>";
		};
		E93D050BB96432754097F70A /* Resources */ = {
			isa = PBXGroup;
			children = (
				CA34819F6E69740427617B25 /* Assets.xcassets */,
			);
			path = Resources;
			sourceTree = "<group>";
		};
		FB66B3E6A3C5079A0B1FFACE /* Components */ = {
			isa = PBXGroup;
			children = (
				4A6E5844BF3FF8AEAF4C199D /* RecallComponents.swift */,
			);
			path = Components;
			sourceTree = "<group>";
		};
/* End PBXGroup section */

/* Begin PBXNativeTarget section */
		3270AC3F0E3A942403899EE8 /* RecallTests */ = {
			isa = PBXNativeTarget;
			buildConfigurationList = B85EF0C0193067048A1D2645 /* Build configuration list for PBXNativeTarget "RecallTests" */;
			buildPhases = (
				0F5AA6435877027B8D8D33B9 /* Sources */,
			);
			buildRules = (
			);
			dependencies = (
				6CD6E1B4EE5CBAEC306561EA /* PBXTargetDependency */,
			);
			name = RecallTests;
			packageProductDependencies = (
			);
			productName = RecallTests;
			productReference = 9116D718A58EEBB60F26FCB7 /* RecallTests.xctest */;
			productType = "com.apple.product-type.bundle.unit-test";
		};
		8A1CA7FAB5EF7FFF7C657008 /* Recall */ = {
			isa = PBXNativeTarget;
			buildConfigurationList = DFC1D6D2A3F8F5D85E1CB54C /* Build configuration list for PBXNativeTarget "Recall" */;
			buildPhases = (
				57F579837BEFDE6CCC541D67 /* Sources */,
				F826DB7ECC59EBCF90D59356 /* Resources */,
			);
			buildRules = (
			);
			dependencies = (
			);
			name = Recall;
			packageProductDependencies = (
			);
			productName = Recall;
			productReference = 589D612419DE8AD691D1CD7C /* Recall.app */;
			productType = "com.apple.product-type.application";
		};
/* End PBXNativeTarget section */

/* Begin PBXProject section */
		8B2E7D481A738D1E6488DE92 /* Project object */ = {
			isa = PBXProject;
			attributes = {
				BuildIndependentTargetsInParallel = YES;
				LastUpgradeCheck = 1430;
				TargetAttributes = {
					3270AC3F0E3A942403899EE8 = {
						DevelopmentTeam = "";
						ProvisioningStyle = Automatic;
					};
					8A1CA7FAB5EF7FFF7C657008 = {
						DevelopmentTeam = "";
						ProvisioningStyle = Automatic;
					};
				};
			};
			buildConfigurationList = F160EB2FBD6BB340B9EC6B11 /* Build configuration list for PBXProject "Recall" */;
			developmentRegion = en;
			hasScannedForEncodings = 0;
			knownRegions = (
				Base,
				en,
			);
			mainGroup = E3D300D57C7BE46807A96B09;
			minimizedProjectReferenceProxies = 1;
			preferredProjectObjectVersion = 77;
			productRefGroup = 8FB9A9AFFDDAA5852104C602 /* Products */;
			projectDirPath = "";
			projectRoot = "";
			targets = (
				8A1CA7FAB5EF7FFF7C657008 /* Recall */,
				3270AC3F0E3A942403899EE8 /* RecallTests */,
			);
		};
/* End PBXProject section */

/* Begin PBXResourcesBuildPhase section */
		F826DB7ECC59EBCF90D59356 /* Resources */ = {
			isa = PBXResourcesBuildPhase;
			buildActionMask = 2147483647;
			files = (
				285A35BC27E078EEE6C87EDC /* Assets.xcassets in Resources */,
			);
			runOnlyForDeploymentPostprocessing = 0;
		};
/* End PBXResourcesBuildPhase section */

/* Begin PBXSourcesBuildPhase section */
		0F5AA6435877027B8D8D33B9 /* Sources */ = {
			isa = PBXSourcesBuildPhase;
			buildActionMask = 2147483647;
			files = (
				9D163DA49A259A35D95A824E /* LiveRecallAPIClientTests.swift in Sources */,
				A2534BDF787EB07111ED403E /* RecallContractTests.swift in Sources */,
				03418CFA47D2C29A01C55E3C /* RecallStoreTests.swift in Sources */,
			);
			runOnlyForDeploymentPostprocessing = 0;
		};
		57F579837BEFDE6CCC541D67 /* Sources */ = {
			isa = PBXSourcesBuildPhase;
			buildActionMask = 2147483647;
			files = (
				2D00AD70CECEDB988150D65E /* APIResponses.swift in Sources */,
				1071EB958C7FA7ED4AE218BA /* Capture.swift in Sources */,
				B56E0936C7FFF112FE692C49 /* CaptureCreateRequest.swift in Sources */,
				EB433499536141807B2FCEFD /* CaptureDetailView.swift in Sources */,
				1D58D356C131CFD2A84B2C99 /* CaptureListView.swift in Sources */,
				7136B53E312C12667962369E /* CaptureRowView.swift in Sources */,
				96D17649CC7F26C588335E6A /* ClipboardCaptureService.swift in Sources */,
				C318562A514BC53FC7F5152F /* MenuBarContentView.swift in Sources */,
				BBDA81D8565D55B04426F812 /* MockRecallAPIClient.swift in Sources */,
				F564668ABF3237E2C93A45AB /* QuickCaptureView.swift in Sources */,
				DB7C4D7E57C0FEA8C80F3E66 /* RecallAPIClient.swift in Sources */,
				9EA018F67FEE2D67C0665C0A /* RecallAPIError.swift in Sources */,
				8D8659AB219B92DA79773FAB /* RecallApp.swift in Sources */,
				6220042C8C2DCE392D5FBCC1 /* RecallComponents.swift in Sources */,
				2757F0EE168B0E5F000AAA9A /* RecallRootView.swift in Sources */,
				B0832794501407BD71E1BE19 /* RecallStore.swift in Sources */,
			);
			runOnlyForDeploymentPostprocessing = 0;
		};
/* End PBXSourcesBuildPhase section */

/* Begin PBXTargetDependency section */
		6CD6E1B4EE5CBAEC306561EA /* PBXTargetDependency */ = {
			isa = PBXTargetDependency;
			target = 8A1CA7FAB5EF7FFF7C657008 /* Recall */;
			targetProxy = 3CD8C3A91ECDFE33E4800573 /* PBXContainerItemProxy */;
		};
/* End PBXTargetDependency section */

/* Begin XCBuildConfiguration section */
		22E5A9A7621E27FDF6CDDCA5 /* Debug */ = {
			isa = XCBuildConfiguration;
			buildSettings = {
				BUNDLE_LOADER = "$(TEST_HOST)";
				COMBINE_HIDPI_IMAGES = YES;
				GENERATE_INFOPLIST_FILE = YES;
				LD_RUNPATH_SEARCH_PATHS = (
					"$(inherited)",
					"@executable_path/../Frameworks",
					"@loader_path/../Frameworks",
				);
				PRODUCT_BUNDLE_IDENTIFIER = com.recall.macos.tests;
				SDKROOT = macosx;
				SWIFT_STRICT_CONCURRENCY = minimal;
				TEST_HOST = "$(BUILT_PRODUCTS_DIR)/Recall.app/Contents/MacOS/Recall";
			};
			name = Debug;
		};
		587B7D49A37A8EBAD3557AD8 /* Release */ = {
			isa = XCBuildConfiguration;
			buildSettings = {
				BUNDLE_LOADER = "$(TEST_HOST)";
				COMBINE_HIDPI_IMAGES = YES;
				GENERATE_INFOPLIST_FILE = YES;
				LD_RUNPATH_SEARCH_PATHS = (
					"$(inherited)",
					"@executable_path/../Frameworks",
					"@loader_path/../Frameworks",
				);
				PRODUCT_BUNDLE_IDENTIFIER = com.recall.macos.tests;
				SDKROOT = macosx;
				SWIFT_STRICT_CONCURRENCY = minimal;
				TEST_HOST = "$(BUILT_PRODUCTS_DIR)/Recall.app/Contents/MacOS/Recall";
			};
			name = Release;
		};
		5C05BE411EE81AC9652F9F93 /* Release */ = {
			isa = XCBuildConfiguration;
			buildSettings = {
				ALWAYS_SEARCH_USER_PATHS = NO;
				CLANG_ANALYZER_NONNULL = YES;
				CLANG_ANALYZER_NUMBER_OBJECT_CONVERSION = YES_AGGRESSIVE;
				CLANG_CXX_LANGUAGE_STANDARD = "gnu++14";
				CLANG_CXX_LIBRARY = "libc++";
				CLANG_ENABLE_MODULES = YES;
				CLANG_ENABLE_OBJC_ARC = YES;
				CLANG_ENABLE_OBJC_WEAK = YES;
				CLANG_WARN_BLOCK_CAPTURE_AUTORELEASING = YES;
				CLANG_WARN_BOOL_CONVERSION = YES;
				CLANG_WARN_COMMA = YES;
				CLANG_WARN_CONSTANT_CONVERSION = YES;
				CLANG_WARN_DEPRECATED_OBJC_IMPLEMENTATIONS = YES;
				CLANG_WARN_DIRECT_OBJC_ISA_USAGE = YES_ERROR;
				CLANG_WARN_DOCUMENTATION_COMMENTS = YES;
				CLANG_WARN_EMPTY_BODY = YES;
				CLANG_WARN_ENUM_CONVERSION = YES;
				CLANG_WARN_INFINITE_RECURSION = YES;
				CLANG_WARN_INT_CONVERSION = YES;
				CLANG_WARN_NON_LITERAL_NULL_CONVERSION = YES;
				CLANG_WARN_OBJC_IMPLICIT_RETAIN_SELF = YES;
				CLANG_WARN_OBJC_LITERAL_CONVERSION = YES;
				CLANG_WARN_OBJC_ROOT_CLASS = YES_ERROR;
				CLANG_WARN_QUOTED_INCLUDE_IN_FRAMEWORK_HEADER = YES;
				CLANG_WARN_RANGE_LOOP_ANALYSIS = YES;
				CLANG_WARN_STRICT_PROTOTYPES = YES;
				CLANG_WARN_SUSPICIOUS_MOVE = YES;
				CLANG_WARN_UNGUARDED_AVAILABILITY = YES_AGGRESSIVE;
				CLANG_WARN_UNREACHABLE_CODE = YES;
				CLANG_WARN__DUPLICATE_METHOD_MATCH = YES;
				CODE_SIGN_STYLE = Automatic;
				COPY_PHASE_STRIP = NO;
				CURRENT_PROJECT_VERSION = 1;
				DEBUG_INFORMATION_FORMAT = "dwarf-with-dsym";
				DEVELOPMENT_TEAM = "";
				ENABLE_HARDENED_RUNTIME = YES;
				ENABLE_NS_ASSERTIONS = NO;
				ENABLE_STRICT_OBJC_MSGSEND = YES;
				GCC_C_LANGUAGE_STANDARD = gnu11;
				GCC_NO_COMMON_BLOCKS = YES;
				GCC_WARN_64_TO_32_BIT_CONVERSION = YES;
				GCC_WARN_ABOUT_RETURN_TYPE = YES_ERROR;
				GCC_WARN_UNDECLARED_SELECTOR = YES;
				GCC_WARN_UNINITIALIZED_AUTOS = YES_AGGRESSIVE;
				GCC_WARN_UNUSED_FUNCTION = YES;
				GCC_WARN_UNUSED_VARIABLE = YES;
				MACOSX_DEPLOYMENT_TARGET = 14.0;
				MARKETING_VERSION = 0.1.0;
				MTL_ENABLE_DEBUG_INFO = NO;
				MTL_FAST_MATH = YES;
				PRODUCT_NAME = "$(TARGET_NAME)";
				SDKROOT = macosx;
				SWIFT_COMPILATION_MODE = wholemodule;
				SWIFT_OPTIMIZATION_LEVEL = "-O";
				SWIFT_VERSION = 5.0;
			};
			name = Release;
		};
		6581C2D0C73D87341BEA84E5 /* Debug */ = {
			isa = XCBuildConfiguration;
			buildSettings = {
				ALWAYS_SEARCH_USER_PATHS = NO;
				CLANG_ANALYZER_NONNULL = YES;
				CLANG_ANALYZER_NUMBER_OBJECT_CONVERSION = YES_AGGRESSIVE;
				CLANG_CXX_LANGUAGE_STANDARD = "gnu++14";
				CLANG_CXX_LIBRARY = "libc++";
				CLANG_ENABLE_MODULES = YES;
				CLANG_ENABLE_OBJC_ARC = YES;
				CLANG_ENABLE_OBJC_WEAK = YES;
				CLANG_WARN_BLOCK_CAPTURE_AUTORELEASING = YES;
				CLANG_WARN_BOOL_CONVERSION = YES;
				CLANG_WARN_COMMA = YES;
				CLANG_WARN_CONSTANT_CONVERSION = YES;
				CLANG_WARN_DEPRECATED_OBJC_IMPLEMENTATIONS = YES;
				CLANG_WARN_DIRECT_OBJC_ISA_USAGE = YES_ERROR;
				CLANG_WARN_DOCUMENTATION_COMMENTS = YES;
				CLANG_WARN_EMPTY_BODY = YES;
				CLANG_WARN_ENUM_CONVERSION = YES;
				CLANG_WARN_INFINITE_RECURSION = YES;
				CLANG_WARN_INT_CONVERSION = YES;
				CLANG_WARN_NON_LITERAL_NULL_CONVERSION = YES;
				CLANG_WARN_OBJC_IMPLICIT_RETAIN_SELF = YES;
				CLANG_WARN_OBJC_LITERAL_CONVERSION = YES;
				CLANG_WARN_OBJC_ROOT_CLASS = YES_ERROR;
				CLANG_WARN_QUOTED_INCLUDE_IN_FRAMEWORK_HEADER = YES;
				CLANG_WARN_RANGE_LOOP_ANALYSIS = YES;
				CLANG_WARN_STRICT_PROTOTYPES = YES;
				CLANG_WARN_SUSPICIOUS_MOVE = YES;
				CLANG_WARN_UNGUARDED_AVAILABILITY = YES_AGGRESSIVE;
				CLANG_WARN_UNREACHABLE_CODE = YES;
				CLANG_WARN__DUPLICATE_METHOD_MATCH = YES;
				CODE_SIGN_STYLE = Automatic;
				COPY_PHASE_STRIP = NO;
				CURRENT_PROJECT_VERSION = 1;
				DEBUG_INFORMATION_FORMAT = dwarf;
				DEVELOPMENT_TEAM = "";
				ENABLE_HARDENED_RUNTIME = YES;
				ENABLE_STRICT_OBJC_MSGSEND = YES;
				ENABLE_TESTABILITY = YES;
				GCC_C_LANGUAGE_STANDARD = gnu11;
				GCC_DYNAMIC_NO_PIC = NO;
				GCC_NO_COMMON_BLOCKS = YES;
				GCC_OPTIMIZATION_LEVEL = 0;
				GCC_PREPROCESSOR_DEFINITIONS = (
					"$(inherited)",
					"DEBUG=1",
				);
				GCC_WARN_64_TO_32_BIT_CONVERSION = YES;
				GCC_WARN_ABOUT_RETURN_TYPE = YES_ERROR;
				GCC_WARN_UNDECLARED_SELECTOR = YES;
				GCC_WARN_UNINITIALIZED_AUTOS = YES_AGGRESSIVE;
				GCC_WARN_UNUSED_FUNCTION = YES;
				GCC_WARN_UNUSED_VARIABLE = YES;
				MACOSX_DEPLOYMENT_TARGET = 14.0;
				MARKETING_VERSION = 0.1.0;
				MTL_ENABLE_DEBUG_INFO = INCLUDE_SOURCE;
				MTL_FAST_MATH = YES;
				ONLY_ACTIVE_ARCH = YES;
				PRODUCT_NAME = "$(TARGET_NAME)";
				SDKROOT = macosx;
				SWIFT_ACTIVE_COMPILATION_CONDITIONS = DEBUG;
				SWIFT_OPTIMIZATION_LEVEL = "-Onone";
				SWIFT_VERSION = 5.0;
			};
			name = Debug;
		};
		E84E3AC8F2FFBF0E1D7B375A /* Debug */ = {
			isa = XCBuildConfiguration;
			buildSettings = {
				ASSETCATALOG_COMPILER_APPICON_NAME = AppIcon;
				ASSETCATALOG_COMPILER_GLOBAL_ACCENT_COLOR_NAME = AccentColor;
				COMBINE_HIDPI_IMAGES = YES;
				ENABLE_APP_SANDBOX = NO;
				GENERATE_INFOPLIST_FILE = NO;
				INFOPLIST_FILE = Recall/Resources/Info.plist;
				LD_RUNPATH_SEARCH_PATHS = (
					"$(inherited)",
					"@executable_path/../Frameworks",
				);
				PRODUCT_BUNDLE_IDENTIFIER = com.recall.macos;
				PRODUCT_NAME = Recall;
				SDKROOT = macosx;
				SWIFT_STRICT_CONCURRENCY = complete;
			};
			name = Debug;
		};
		FE110EA30F10498B7CD36934 /* Release */ = {
			isa = XCBuildConfiguration;
			buildSettings = {
				ASSETCATALOG_COMPILER_APPICON_NAME = AppIcon;
				ASSETCATALOG_COMPILER_GLOBAL_ACCENT_COLOR_NAME = AccentColor;
				COMBINE_HIDPI_IMAGES = YES;
				ENABLE_APP_SANDBOX = NO;
				GENERATE_INFOPLIST_FILE = NO;
				INFOPLIST_FILE = Recall/Resources/Info.plist;
				LD_RUNPATH_SEARCH_PATHS = (
					"$(inherited)",
					"@executable_path/../Frameworks",
				);
				PRODUCT_BUNDLE_IDENTIFIER = com.recall.macos;
				PRODUCT_NAME = Recall;
				SDKROOT = macosx;
				SWIFT_STRICT_CONCURRENCY = complete;
			};
			name = Release;
		};
/* End XCBuildConfiguration section */

/* Begin XCConfigurationList section */
		B85EF0C0193067048A1D2645 /* Build configuration list for PBXNativeTarget "RecallTests" */ = {
			isa = XCConfigurationList;
			buildConfigurations = (
				22E5A9A7621E27FDF6CDDCA5 /* Debug */,
				587B7D49A37A8EBAD3557AD8 /* Release */,
			);
			defaultConfigurationIsVisible = 0;
			defaultConfigurationName = Debug;
		};
		DFC1D6D2A3F8F5D85E1CB54C /* Build configuration list for PBXNativeTarget "Recall" */ = {
			isa = XCConfigurationList;
			buildConfigurations = (
				E84E3AC8F2FFBF0E1D7B375A /* Debug */,
				FE110EA30F10498B7CD36934 /* Release */,
			);
			defaultConfigurationIsVisible = 0;
			defaultConfigurationName = Debug;
		};
		F160EB2FBD6BB340B9EC6B11 /* Build configuration list for PBXProject "Recall" */ = {
			isa = XCConfigurationList;
			buildConfigurations = (
				6581C2D0C73D87341BEA84E5 /* Debug */,
				5C05BE411EE81AC9652F9F93 /* Release */,
			);
			defaultConfigurationIsVisible = 0;
			defaultConfigurationName = Debug;
		};
/* End XCConfigurationList section */
	};
	rootObject = 8B2E7D481A738D1E6488DE92 /* Project object */;
}
